
Microsoft Visual Studio Solution File, Format Version 12.00
# Visual Studio Version 16
VisualStudioVersion = 16.0.34031.81
MinimumVisualStudioVersion = 10.0.40219.1
Project("{FAE04EC0-301F-11D3-BF4B-00C04F79EFBC}") = "Practica 06 - Vectores Arreglo incersión de elementos C", "Practica 06 - Vectores Arreglo incersión de elementos C\Practica 06 - Vectores Arreglo incersión de elementos C.csproj", "{654E200B-467C-4164-A1CE-5FE37BBBF705}"
EndProject
Global
	GlobalSection(SolutionConfigurationPlatforms) = preSolution
		Debug|Any CPU = Debug|Any CPU
		Release|Any CPU = Release|Any CPU
	EndGlobalSection
	GlobalSection(ProjectConfigurationPlatforms) = postSolution
		{654E200B-467C-4164-A1CE-5FE37BBBF705}.Debug|Any CPU.ActiveCfg = Debug|Any CPU
		{654E200B-467C-4164-A1CE-5FE37BBBF705}.Debug|Any CPU.Build.0 = Debug|Any CPU
		{654E200B-467C-4164-A1CE-5FE37BBBF705}.Release|Any CPU.ActiveCfg = Release|Any CPU
		{654E200B-467C-4164-A1CE-5FE37BBBF705}.Release|Any CPU.Build.0 = Release|Any CPU
	EndGlobalSection
	GlobalSection(SolutionProperties) = preSolution
		HideSolutionNode = FALSE
	EndGlobalSection
	GlobalSection(ExtensibilityGlobals) = postSolution
		SolutionGuid = {B7B0F01B-8A21-497F-B4CB-9B8590C2F667}
	EndGlobalSection
EndGlobal
